// !$*UTF8*$!
{
	archiveVersion = 1;
	classes = {
	};
	objectVersion = 46;
	objects = {

/* Begin PBXBuildFile section */
		5838AFF51C15F19A00D9A3A8 /* PATSettingsViewController.m in Sources */ = {isa = PBXBuildFile; fileRef = 5838AFF41C15F19A00D9A3A8 /* PATSettingsViewController.m */; };
		5838AFF61C15F19A00D9A3A8 /* PATSettingsViewController.m in Sources */ = {isa = PBXBuildFile; fileRef = 5838AFF41C15F19A00D9A3A8 /* PATSettingsViewController.m */; };
		5838AFF81C15FB9900D9A3A8 /* currentPosition.gif in Resources */ = {isa = PBXBuildFile; fileRef = 5838AFF71C15FB9900D9A3A8 /* currentPosition.gif */; };
		5838AFF91C15FB9900D9A3A8 /* currentPosition.gif in Resources */ = {isa = PBXBuildFile; fileRef = 5838AFF71C15FB9900D9A3A8 /* currentPosition.gif */; };
		5838AFFB1C15FBDE00D9A3A8 /* plusEmotion.gif in Resources */ = {isa = PBXBuildFile; fileRef = 5838AFFA1C15FBDE00D9A3A8 /* plusEmotion.gif */; };
		5838AFFC1C15FBDE00D9A3A8 /* plusEmotion.gif in Resources */ = {isa = PBXBuildFile; fileRef = 5838AFFA1C15FBDE00D9A3A8 /* plusEmotion.gif */; };
		583D1A0F1C0038D300F5F5A1 /* hamburger.gif in Resources */ = {isa = PBXBuildFile; fileRef = 583D1A0E1C0038D300F5F5A1 /* hamburger.gif */; };
		5859A4461C01E2BF0019FC15 /* Odin Rounded.otf in Resources */ = {isa = PBXBuildFile; fileRef = 5859A4451C01E2BF0019FC15 /* Odin Rounded.otf */; };
		58FBB6DA1C0037A800951B0E /* PATGoogleMapViewController.m in Sources */ = {isa = PBXBuildFile; fileRef = 58FBB6D31C0037A800951B0E /* PATGoogleMapViewController.m */; };
		58FBB6DB1C0037A800951B0E /* PATGoogleMapViewController.m in Sources */ = {isa = PBXBuildFile; fileRef = 58FBB6D31C0037A800951B0E /* PATGoogleMapViewController.m */; };
		58FBB6DC1C0037A800951B0E /* PATLocationViewController.m in Sources */ = {isa = PBXBuildFile; fileRef = 58FBB6D51C0037A800951B0E /* PATLocationViewController.m */; };
		58FBB6DD1C0037A800951B0E /* PATLocationViewController.m in Sources */ = {isa = PBXBuildFile; fileRef = 58FBB6D51C0037A800951B0E /* PATLocationViewController.m */; };
		58FBB6DE1C0037A800951B0E /* PATMapContainerViewController.m in Sources */ = {isa = PBXBuildFile; fileRef = 58FBB6D71C0037A800951B0E /* PATMapContainerViewController.m */; };
		58FBB6DF1C0037A800951B0E /* PATMapContainerViewController.m in Sources */ = {isa = PBXBuildFile; fileRef = 58FBB6D71C0037A800951B0E /* PATMapContainerViewController.m */; };
		58FBB6E01C0037A800951B0E /* PATSideMenuViewController.m in Sources */ = {isa = PBXBuildFile; fileRef = 58FBB6D91C0037A800951B0E /* PATSideMenuViewController.m */; };
		58FBB6E11C0037A800951B0E /* PATSideMenuViewController.m in Sources */ = {isa = PBXBuildFile; fileRef = 58FBB6D91C0037A800951B0E /* PATSideMenuViewController.m */; };
		7504678C1C04A34C0027D5D3 /* FBSDKCoreKit.framework in Frameworks */ = {isa = PBXBuildFile; fileRef = 750467891C04A34C0027D5D3 /* FBSDKCoreKit.framework */; };
		7504678D1C04A34C0027D5D3 /* FBSDKLoginKit.framework in Frameworks */ = {isa = PBXBuildFile; fileRef = 7504678A1C04A34C0027D5D3 /* FBSDKLoginKit.framework */; };
		7504678E1C04A34C0027D5D3 /* FBSDKShareKit.framework in Frameworks */ = {isa = PBXBuildFile; fileRef = 7504678B1C04A34C0027D5D3 /* FBSDKShareKit.framework */; };
		75794D831C04B21300F120E3 /* PATLoginViewController.m in Sources */ = {isa = PBXBuildFile; fileRef = 75794D821C04B21300F120E3 /* PATLoginViewController.m */; };
		E930E0951BD741450032C541 /* main.m in Sources */ = {isa = PBXBuildFile; fileRef = E930E0941BD741450032C541 /* main.m */; };
		E930E0981BD741460032C541 /* AppDelegate.m in Sources */ = {isa = PBXBuildFile; fileRef = E930E0971BD741460032C541 /* AppDelegate.m */; };
		E930E09B1BD741460032C541 /* ViewController.m in Sources */ = {isa = PBXBuildFile; fileRef = E930E09A1BD741460032C541 /* ViewController.m */; };
		E930E09E1BD741460032C541 /* Main.storyboard in Resources */ = {isa = PBXBuildFile; fileRef = E930E09C1BD741460032C541 /* Main.storyboard */; };
		E930E0A01BD741460032C541 /* Assets.xcassets in Resources */ = {isa = PBXBuildFile; fileRef = E930E09F1BD741460032C541 /* Assets.xcassets */; };
		E930E0A31BD741460032C541 /* LaunchScreen.storyboard in Resources */ = {isa = PBXBuildFile; fileRef = E930E0A11BD741460032C541 /* LaunchScreen.storyboard */; };
		E930E0AE1BD741460032C541 /* PatchWorkUITests.m in Sources */ = {isa = PBXBuildFile; fileRef = E930E0AD1BD741460032C541 /* PatchWorkUITests.m */; };
		E98357171C0568F700CFD428 /* wheel glow2.png in Resources */ = {isa = PBXBuildFile; fileRef = E983570F1C0568F700CFD428 /* wheel glow2.png */; };
		E98357181C0568F700CFD428 /* wheel glow.png in Resources */ = {isa = PBXBuildFile; fileRef = E98357101C0568F700CFD428 /* wheel glow.png */; };
		E98357191C0568F700CFD428 /* wheel3.png in Resources */ = {isa = PBXBuildFile; fileRef = E98357111C0568F700CFD428 /* wheel3.png */; };
		E983571A1C0568F700CFD428 /* wheel2.png in Resources */ = {isa = PBXBuildFile; fileRef = E98357121C0568F700CFD428 /* wheel2.png */; };
		E983571B1C0568F700CFD428 /* standard.png in Resources */ = {isa = PBXBuildFile; fileRef = E98357131C0568F700CFD428 /* standard.png */; };
		E983571C1C0568F700CFD428 /* background2.png in Resources */ = {isa = PBXBuildFile; fileRef = E98357141C0568F700CFD428 /* background2.png */; };
		E983571D1C0568F700CFD428 /* background.png in Resources */ = {isa = PBXBuildFile; fileRef = E98357151C0568F700CFD428 /* background.png */; };
		E983571E1C0568F700CFD428 /* wheel.png in Resources */ = {isa = PBXBuildFile; fileRef = E98357161C0568F700CFD428 /* wheel.png */; };
		E98357231C0569CE00CFD428 /* PATSwirlGestureRecognizer.m in Sources */ = {isa = PBXBuildFile; fileRef = E98357201C0569CE00CFD428 /* PATSwirlGestureRecognizer.m */; };
		E98357241C0569CE00CFD428 /* PATWheelViewController.m in Sources */ = {isa = PBXBuildFile; fileRef = E98357221C0569CE00CFD428 /* PATWheelViewController.m */; };
		E99348311C0B58110096292F /* QuartzCore.framework in Frameworks */ = {isa = PBXBuildFile; fileRef = E99348301C0B58110096292F /* QuartzCore.framework */; };
		E99348361C0B695F0096292F /* PATWheelTouchUpGestureRecognizer.m in Sources */ = {isa = PBXBuildFile; fileRef = E99348351C0B695F0096292F /* PATWheelTouchUpGestureRecognizer.m */; };
		E99348391C0B72C30096292F /* PATWheelTouchDownGestureRecognizer.m in Sources */ = {isa = PBXBuildFile; fileRef = E99348381C0B72C30096292F /* PATWheelTouchDownGestureRecognizer.m */; };
		E99AA1061BD7588D00253D0F /* MapKit.framework in Frameworks */ = {isa = PBXBuildFile; fileRef = E99AA1051BD7588D00253D0F /* MapKit.framework */; };
		E9ECE7C91C0B24E200874851 /* AVFoundation.framework in Frameworks */ = {isa = PBXBuildFile; fileRef = E9ECE7C81C0B24E200874851 /* AVFoundation.framework */; };
		E9ECE7CF1C0B300F00874851 /* wheelSound.wav in Resources */ = {isa = PBXBuildFile; fileRef = E9ECE7CE1C0B300F00874851 /* wheelSound.wav */; };
/* End PBXBuildFile section */

/* Begin PBXContainerItemProxy section */
		E930E0AA1BD741460032C541 /* PBXContainerItemProxy */ = {
			isa = PBXContainerItemProxy;
			containerPortal = E930E0881BD741450032C541 /* Project object */;
			proxyType = 1;
			remoteGlobalIDString = E930E08F1BD741450032C541;
			remoteInfo = PatchWork;
		};
/* End PBXContainerItemProxy section */

/* Begin PBXFileReference section */
		357972C415F442DC95BE7498 /* Pods.debug.xcconfig */ = {isa = PBXFileReference; includeInIndex = 1; lastKnownFileType = text.xcconfig; name = Pods.debug.xcconfig; path = "Pods/Target Support Files/Pods/Pods.debug.xcconfig"; sourceTree = "<group>"; };
		5838AFF01C15F15000D9A3A8 /* PATSettingsViewController.h */ = {isa = PBXFileReference; fileEncoding = 4; lastKnownFileType = sourcecode.c.h; path = PATSettingsViewController.h; sourceTree = "<group>"; };
		5838AFF41C15F19A00D9A3A8 /* PATSettingsViewController.m */ = {isa = PBXFileReference; fileEncoding = 4; lastKnownFileType = sourcecode.c.objc; path = PATSettingsViewController.m; sourceTree = "<group>"; };
		5838AFF71C15FB9900D9A3A8 /* currentPosition.gif */ = {isa = PBXFileReference; lastKnownFileType = image.gif; path = currentPosition.gif; sourceTree = "<group>"; };
		5838AFFA1C15FBDE00D9A3A8 /* plusEmotion.gif */ = {isa = PBXFileReference; lastKnownFileType = image.gif; path = plusEmotion.gif; sourceTree = "<group>"; };
		583D1A0E1C0038D300F5F5A1 /* hamburger.gif */ = {isa = PBXFileReference; lastKnownFileType = image.gif; path = hamburger.gif; sourceTree = "<group>"; };
		5859A4451C01E2BF0019FC15 /* Odin Rounded.otf */ = {isa = PBXFileReference; lastKnownFileType = file; path = "Odin Rounded.otf"; sourceTree = "<group>"; };
		58FBB6D21C0037A800951B0E /* PATGoogleMapViewController.h */ = {isa = PBXFileReference; fileEncoding = 4; lastKnownFileType = sourcecode.c.h; path = PATGoogleMapViewController.h; sourceTree = "<group>"; };
		58FBB6D31C0037A800951B0E /* PATGoogleMapViewController.m */ = {isa = PBXFileReference; fileEncoding = 4; lastKnownFileType = sourcecode.c.objc; path = PATGoogleMapViewController.m; sourceTree = "<group>"; };
		58FBB6D41C0037A800951B0E /* PATLocationViewController.h */ = {isa = PBXFileReference; fileEncoding = 4; lastKnownFileType = sourcecode.c.h; path = PATLocationViewController.h; sourceTree = "<group>"; };
		58FBB6D51C0037A800951B0E /* PATLocationViewController.m */ = {isa = PBXFileReference; fileEncoding = 4; lastKnownFileType = sourcecode.c.objc; path = PATLocationViewController.m; sourceTree = "<group>"; };
		58FBB6D61C0037A800951B0E /* PATMapContainerViewController.h */ = {isa = PBXFileReference; fileEncoding = 4; lastKnownFileType = sourcecode.c.h; path = PATMapContainerViewController.h; sourceTree = "<group>"; };
		58FBB6D71C0037A800951B0E /* PATMapContainerViewController.m */ = {isa = PBXFileReference; fileEncoding = 4; lastKnownFileType = sourcecode.c.objc; path = PATMapContainerViewController.m; sourceTree = "<group>"; };
		58FBB6D81C0037A800951B0E /* PATSideMenuViewController.h */ = {isa = PBXFileReference; fileEncoding = 4; lastKnownFileType = sourcecode.c.h; path = PATSideMenuViewController.h; sourceTree = "<group>"; };
		58FBB6D91C0037A800951B0E /* PATSideMenuViewController.m */ = {isa = PBXFileReference; fileEncoding = 4; lastKnownFileType = sourcecode.c.objc; path = PATSideMenuViewController.m; sourceTree = "<group>"; };
		750467891C04A34C0027D5D3 /* FBSDKCoreKit.framework */ = {isa = PBXFileReference; lastKnownFileType = wrapper.framework; name = FBSDKCoreKit.framework; path = "../../../Downloads/FacebookSDKs-iOS-20151111/FBSDKCoreKit.framework"; sourceTree = "<group>"; };
		7504678A1C04A34C0027D5D3 /* FBSDKLoginKit.framework */ = {isa = PBXFileReference; lastKnownFileType = wrapper.framework; name = FBSDKLoginKit.framework; path = "../../../Downloads/FacebookSDKs-iOS-20151111/FBSDKLoginKit.framework"; sourceTree = "<group>"; };
		7504678B1C04A34C0027D5D3 /* FBSDKShareKit.framework */ = {isa = PBXFileReference; lastKnownFileType = wrapper.framework; name = FBSDKShareKit.framework; path = "../../../Downloads/FacebookSDKs-iOS-20151111/FBSDKShareKit.framework"; sourceTree = "<group>"; };
		75794D811C04B1A500F120E3 /* PATLoginViewController.h */ = {isa = PBXFileReference; lastKnownFileType = sourcecode.c.h; path = PATLoginViewController.h; sourceTree = "<group>"; };
		75794D821C04B21300F120E3 /* PATLoginViewController.m */ = {isa = PBXFileReference; fileEncoding = 4; lastKnownFileType = sourcecode.c.objc; path = PATLoginViewController.m; sourceTree = "<group>"; };
		AD2ABD4FA5BFCD325C2554E0 /* Pods.release.xcconfig */ = {isa = PBXFileReference; includeInIndex = 1; lastKnownFileType = text.xcconfig; name = Pods.release.xcconfig; path = "Pods/Target Support Files/Pods/Pods.release.xcconfig"; sourceTree = "<group>"; };
		E930E0901BD741450032C541 /* PatchWork.app */ = {isa = PBXFileReference; explicitFileType = wrapper.application; includeInIndex = 0; path = PatchWork.app; sourceTree = BUILT_PRODUCTS_DIR; };
		E930E0941BD741450032C541 /* main.m */ = {isa = PBXFileReference; lastKnownFileType = sourcecode.c.objc; path = main.m; sourceTree = "<group>"; };
		E930E0961BD741460032C541 /* AppDelegate.h */ = {isa = PBXFileReference; lastKnownFileType = sourcecode.c.h; path = AppDelegate.h; sourceTree = "<group>"; };
		E930E0971BD741460032C541 /* AppDelegate.m */ = {isa = PBXFileReference; lastKnownFileType = sourcecode.c.objc; path = AppDelegate.m; sourceTree = "<group>"; };
		E930E0991BD741460032C541 /* ViewController.h */ = {isa = PBXFileReference; lastKnownFileType = sourcecode.c.h; path = ViewController.h; sourceTree = "<group>"; };
		E930E09A1BD741460032C541 /* ViewController.m */ = {isa = PBXFileReference; lastKnownFileType = sourcecode.c.objc; path = ViewController.m; sourceTree = "<group>"; };
		E930E09D1BD741460032C541 /* Base */ = {isa = PBXFileReference; lastKnownFileType = file.storyboard; name = Base; path = Base.lproj/Main.storyboard; sourceTree = "<group>"; };
		E930E09F1BD741460032C541 /* Assets.xcassets */ = {isa = PBXFileReference; lastKnownFileType = folder.assetcatalog; path = Assets.xcassets; sourceTree = "<group>"; };
		E930E0A21BD741460032C541 /* Base */ = {isa = PBXFileReference; lastKnownFileType = file.storyboard; name = Base; path = Base.lproj/LaunchScreen.storyboard; sourceTree = "<group>"; };
		E930E0A41BD741460032C541 /* Info.plist */ = {isa = PBXFileReference; lastKnownFileType = text.plist.xml; path = Info.plist; sourceTree = "<group>"; };
		E930E0A91BD741460032C541 /* PatchWorkUITests.xctest */ = {isa = PBXFileReference; explicitFileType = wrapper.cfbundle; includeInIndex = 0; path = PatchWorkUITests.xctest; sourceTree = BUILT_PRODUCTS_DIR; };
		E930E0AD1BD741460032C541 /* PatchWorkUITests.m */ = {isa = PBXFileReference; lastKnownFileType = sourcecode.c.objc; path = PatchWorkUITests.m; sourceTree = "<group>"; };
		E930E0AF1BD741460032C541 /* Info.plist */ = {isa = PBXFileReference; lastKnownFileType = text.plist.xml; path = Info.plist; sourceTree = "<group>"; };
		E983570F1C0568F700CFD428 /* wheel glow2.png */ = {isa = PBXFileReference; lastKnownFileType = image.png; path = "wheel glow2.png"; sourceTree = "<group>"; };
		E98357101C0568F700CFD428 /* wheel glow.png */ = {isa = PBXFileReference; lastKnownFileType = image.png; path = "wheel glow.png"; sourceTree = "<group>"; };
		E98357111C0568F700CFD428 /* wheel3.png */ = {isa = PBXFileReference; lastKnownFileType = image.png; path = wheel3.png; sourceTree = "<group>"; };
		E98357121C0568F700CFD428 /* wheel2.png */ = {isa = PBXFileReference; lastKnownFileType = image.png; path = wheel2.png; sourceTree = "<group>"; };
		E98357131C0568F700CFD428 /* standard.png */ = {isa = PBXFileReference; lastKnownFileType = image.png; path = standard.png; sourceTree = "<group>"; };
		E98357141C0568F700CFD428 /* background2.png */ = {isa = PBXFileReference; lastKnownFileType = image.png; path = background2.png; sourceTree = "<group>"; };
		E98357151C0568F700CFD428 /* background.png */ = {isa = PBXFileReference; lastKnownFileType = image.png; path = background.png; sourceTree = "<group>"; };
		E98357161C0568F700CFD428 /* wheel.png */ = {isa = PBXFileReference; lastKnownFileType = image.png; path = wheel.png; sourceTree = "<group>"; };
		E983571F1C0569CE00CFD428 /* PATSwirlGestureRecognizer.h */ = {isa = PBXFileReference; fileEncoding = 4; lastKnownFileType = sourcecode.c.h; path = PATSwirlGestureRecognizer.h; sourceTree = "<group>"; };
		E98357201C0569CE00CFD428 /* PATSwirlGestureRecognizer.m */ = {isa = PBXFileReference; fileEncoding = 4; lastKnownFileType = sourcecode.c.objc; path = PATSwirlGestureRecognizer.m; sourceTree = "<group>"; };
		E98357211C0569CE00CFD428 /* PATWheelViewController.h */ = {isa = PBXFileReference; fileEncoding = 4; lastKnownFileType = sourcecode.c.h; path = PATWheelViewController.h; sourceTree = "<group>"; };
		E98357221C0569CE00CFD428 /* PATWheelViewController.m */ = {isa = PBXFileReference; fileEncoding = 4; lastKnownFileType = sourcecode.c.objc; path = PATWheelViewController.m; sourceTree = "<group>"; };
		E99348301C0B58110096292F /* QuartzCore.framework */ = {isa = PBXFileReference; lastKnownFileType = wrapper.framework; name = QuartzCore.framework; path = System/Library/Frameworks/QuartzCore.framework; sourceTree = SDKROOT; };
		E99348351C0B695F0096292F /* PATWheelTouchUpGestureRecognizer.m */ = {isa = PBXFileReference; fileEncoding = 4; lastKnownFileType = sourcecode.c.objc; path = PATWheelTouchUpGestureRecognizer.m; sourceTree = "<group>"; };
		E99348371C0B69B70096292F /* PATWheelTouchUpGestureRecognizer.h */ = {isa = PBXFileReference; fileEncoding = 4; lastKnownFileType = sourcecode.c.h; path = PATWheelTouchUpGestureRecognizer.h; sourceTree = "<group>"; };
		E99348381C0B72C30096292F /* PATWheelTouchDownGestureRecognizer.m */ = {isa = PBXFileReference; fileEncoding = 4; lastKnownFileType = sourcecode.c.objc; name = PATWheelTouchDownGestureRecognizer.m; path = ../PATWheelTouchDownGestureRecognizer.m; sourceTree = "<group>"; };
		E993483A1C0B72E60096292F /* PATWheelTouchDownGestureRecognizer.h */ = {isa = PBXFileReference; fileEncoding = 4; lastKnownFileType = sourcecode.c.h; path = PATWheelTouchDownGestureRecognizer.h; sourceTree = "<group>"; };
		E99AA1051BD7588D00253D0F /* MapKit.framework */ = {isa = PBXFileReference; lastKnownFileType = wrapper.framework; name = MapKit.framework; path = System/Library/Frameworks/MapKit.framework; sourceTree = SDKROOT; };
		E9ECE7C81C0B24E200874851 /* AVFoundation.framework */ = {isa = PBXFileReference; lastKnownFileType = wrapper.framework; name = AVFoundation.framework; path = System/Library/Frameworks/AVFoundation.framework; sourceTree = SDKROOT; };
		E9ECE7CE1C0B300F00874851 /* wheelSound.wav */ = {isa = PBXFileReference; lastKnownFileType = audio.wav; path = wheelSound.wav; sourceTree = "<group>"; };
/* End PBXFileReference section */

/* Begin PBXFrameworksBuildPhase section */
		E930E08D1BD741450032C541 /* Frameworks */ = {
			isa = PBXFrameworksBuildPhase;
			buildActionMask = 2147483647;
			files = (
				E99348311C0B58110096292F /* QuartzCore.framework in Frameworks */,
				E9ECE7C91C0B24E200874851 /* AVFoundation.framework in Frameworks */,
				7504678E1C04A34C0027D5D3 /* FBSDKShareKit.framework in Frameworks */,
				E99AA1061BD7588D00253D0F /* MapKit.framework in Frameworks */,
				7504678C1C04A34C0027D5D3 /* FBSDKCoreKit.framework in Frameworks */,
				7504678D1C04A34C0027D5D3 /* FBSDKLoginKit.framework in Frameworks */,
			);
			runOnlyForDeploymentPostprocessing = 0;
		};
		E930E0A61BD741460032C541 /* Frameworks */ = {
			isa = PBXFrameworksBuildPhase;
			buildActionMask = 2147483647;
			files = (
			);
			runOnlyForDeploymentPostprocessing = 0;
		};
/* End PBXFrameworksBuildPhase section */

/* Begin PBXGroup section */
		00A34DC02ABC4401AE753626 /* Frameworks */ = {
			isa = PBXGroup;
			children = (
				E99348301C0B58110096292F /* QuartzCore.framework */,
				E9ECE7C81C0B24E200874851 /* AVFoundation.framework */,
			);
			name = Frameworks;
			sourceTree = "<group>";
		};
		5841F1D11BE72CD8000571B7 /* ImageFiles */ = {
			isa = PBXGroup;
			children = (
				5838AFF71C15FB9900D9A3A8 /* currentPosition.gif */,
				583D1A0E1C0038D300F5F5A1 /* hamburger.gif */,
				E983570F1C0568F700CFD428 /* wheel glow2.png */,
				E98357101C0568F700CFD428 /* wheel glow.png */,
				E98357111C0568F700CFD428 /* wheel3.png */,
				E98357121C0568F700CFD428 /* wheel2.png */,
				E98357131C0568F700CFD428 /* standard.png */,
				E98357141C0568F700CFD428 /* background2.png */,
				E98357151C0568F700CFD428 /* background.png */,
				E98357161C0568F700CFD428 /* wheel.png */,
				5838AFFA1C15FBDE00D9A3A8 /* plusEmotion.gif */,
			);
			name = ImageFiles;
			sourceTree = "<group>";
		};
		A2484F30C2F3616CB8AA6EAA /* Pods */ = {
			isa = PBXGroup;
			children = (
				357972C415F442DC95BE7498 /* Pods.debug.xcconfig */,
				AD2ABD4FA5BFCD325C2554E0 /* Pods.release.xcconfig */,
			);
			name = Pods;
			sourceTree = "<group>";
		};
		E930E0871BD741450032C541 = {
			isa = PBXGroup;
			children = (
				750467891C04A34C0027D5D3 /* FBSDKCoreKit.framework */,
				7504678A1C04A34C0027D5D3 /* FBSDKLoginKit.framework */,
				7504678B1C04A34C0027D5D3 /* FBSDKShareKit.framework */,
				E99AA1051BD7588D00253D0F /* MapKit.framework */,
				E930E0921BD741450032C541 /* PatchWork */,
				E930E0AC1BD741460032C541 /* PatchWorkUITests */,
				E930E0911BD741450032C541 /* Products */,
				A2484F30C2F3616CB8AA6EAA /* Pods */,
				00A34DC02ABC4401AE753626 /* Frameworks */,
			);
			sourceTree = "<group>";
		};
		E930E0911BD741450032C541 /* Products */ = {
			isa = PBXGroup;
			children = (
				E930E0901BD741450032C541 /* PatchWork.app */,
				E930E0A91BD741460032C541 /* PatchWorkUITests.xctest */,
			);
			name = Products;
			sourceTree = "<group>";
		};
		E930E0921BD741450032C541 /* PatchWork */ = {
			isa = PBXGroup;
			children = (
				5841F1D11BE72CD8000571B7 /* ImageFiles */,
				E930E0961BD741460032C541 /* AppDelegate.h */,
				E930E0971BD741460032C541 /* AppDelegate.m */,
				E930E0991BD741460032C541 /* ViewController.h */,
				E930E09A1BD741460032C541 /* ViewController.m */,
				E930E09C1BD741460032C541 /* Main.storyboard */,
				E983571F1C0569CE00CFD428 /* PATSwirlGestureRecognizer.h */,
				E98357201C0569CE00CFD428 /* PATSwirlGestureRecognizer.m */,
				E99348371C0B69B70096292F /* PATWheelTouchUpGestureRecognizer.h */,
				E99348351C0B695F0096292F /* PATWheelTouchUpGestureRecognizer.m */,
				E993483A1C0B72E60096292F /* PATWheelTouchDownGestureRecognizer.h */,
				E99348381C0B72C30096292F /* PATWheelTouchDownGestureRecognizer.m */,
				E98357211C0569CE00CFD428 /* PATWheelViewController.h */,
				E98357221C0569CE00CFD428 /* PATWheelViewController.m */,
				75794D811C04B1A500F120E3 /* PATLoginViewController.h */,
				75794D821C04B21300F120E3 /* PATLoginViewController.m */,
				58FBB6D21C0037A800951B0E /* PATGoogleMapViewController.h */,
				58FBB6D31C0037A800951B0E /* PATGoogleMapViewController.m */,
				58FBB6D41C0037A800951B0E /* PATLocationViewController.h */,
				58FBB6D51C0037A800951B0E /* PATLocationViewController.m */,
				58FBB6D61C0037A800951B0E /* PATMapContainerViewController.h */,
				58FBB6D71C0037A800951B0E /* PATMapContainerViewController.m */,
				58FBB6D81C0037A800951B0E /* PATSideMenuViewController.h */,
				58FBB6D91C0037A800951B0E /* PATSideMenuViewController.m */,
				5838AFF01C15F15000D9A3A8 /* PATSettingsViewController.h */,
				5838AFF41C15F19A00D9A3A8 /* PATSettingsViewController.m */,
				E930E09F1BD741460032C541 /* Assets.xcassets */,
				E930E0A11BD741460032C541 /* LaunchScreen.storyboard */,
				E930E0A41BD741460032C541 /* Info.plist */,
				E930E0931BD741450032C541 /* Supporting Files */,
			);
			path = PatchWork;
			sourceTree = "<group>";
		};
		E930E0931BD741450032C541 /* Supporting Files */ = {
			isa = PBXGroup;
			children = (
				E9ECE7CE1C0B300F00874851 /* wheelSound.wav */,
				5859A4451C01E2BF0019FC15 /* Odin Rounded.otf */,
				E930E0941BD741450032C541 /* main.m */,
			);
			name = "Supporting Files";
			sourceTree = "<group>";
		};
		E930E0AC1BD741460032C541 /* PatchWorkUITests */ = {
			isa = PBXGroup;
			children = (
				E930E0AD1BD741460032C541 /* PatchWorkUITests.m */,
				E930E0AF1BD741460032C541 /* Info.plist */,
			);
			path = PatchWorkUITests;
			sourceTree = "<group>";
		};
/* End PBXGroup section */

/* Begin PBXNativeTarget section */
		E930E08F1BD741450032C541 /* PatchWork */ = {
			isa = PBXNativeTarget;
			buildConfigurationList = E930E0B21BD741460032C541 /* Build configuration list for PBXNativeTarget "PatchWork" */;
			buildPhases = (
				4CB8F606445CFEC960998DDF /* Check Pods Manifest.lock */,
				E930E08C1BD741450032C541 /* Sources */,
				E930E08D1BD741450032C541 /* Frameworks */,
				E930E08E1BD741450032C541 /* Resources */,
				5BD0A96483D12615AA9F22B8 /* Embed Pods Frameworks */,
				243FA409581AC3A1E2AB1F05 /* Copy Pods Resources */,
			);
			buildRules = (
			);
			dependencies = (
			);
			name = PatchWork;
			productName = PatchWork;
			productReference = E930E0901BD741450032C541 /* PatchWork.app */;
			productType = "com.apple.product-type.application";
		};
		E930E0A81BD741460032C541 /* PatchWorkUITests */ = {
			isa = PBXNativeTarget;
			buildConfigurationList = E930E0B51BD741460032C541 /* Build configuration list for PBXNativeTarget "PatchWorkUITests" */;
			buildPhases = (
				E930E0A51BD741460032C541 /* Sources */,
				E930E0A61BD741460032C541 /* Frameworks */,
				E930E0A71BD741460032C541 /* Resources */,
			);
			buildRules = (
			);
			dependencies = (
				E930E0AB1BD741460032C541 /* PBXTargetDependency */,
			);
			name = PatchWorkUITests;
			productName = PatchWorkUITests;
			productReference = E930E0A91BD741460032C541 /* PatchWorkUITests.xctest */;
			productType = "com.apple.product-type.bundle.ui-testing";
		};
/* End PBXNativeTarget section */

/* Begin PBXProject section */
		E930E0881BD741450032C541 /* Project object */ = {
			isa = PBXProject;
			attributes = {
				LastUpgradeCheck = 0700;
				ORGANIZATIONNAME = "NEXT Institute";
				TargetAttributes = {
					E930E08F1BD741450032C541 = {
						CreatedOnToolsVersion = 7.0.1;
						SystemCapabilities = {
							com.apple.Maps.iOS = {
								enabled = 1;
							};
						};
					};
					E930E0A81BD741460032C541 = {
						CreatedOnToolsVersion = 7.0.1;
						TestTargetID = E930E08F1BD741450032C541;
					};
				};
			};
			buildConfigurationList = E930E08B1BD741450032C541 /* Build configuration list for PBXProject "PatchWork" */;
			compatibilityVersion = "Xcode 3.2";
			developmentRegion = English;
			hasScannedForEncodings = 0;
			knownRegions = (
				en,
				Base,
			);
			mainGroup = E930E0871BD741450032C541;
			productRefGroup = E930E0911BD741450032C541 /* Products */;
			projectDirPath = "";
			projectRoot = "";
			targets = (
				E930E08F1BD741450032C541 /* PatchWork */,
				E930E0A81BD741460032C541 /* PatchWorkUITests */,
			);
		};
/* End PBXProject section */

/* Begin PBXResourcesBuildPhase section */
		E930E08E1BD741450032C541 /* Resources */ = {
			isa = PBXResourcesBuildPhase;
			buildActionMask = 2147483647;
			files = (
				E930E0A31BD741460032C541 /* LaunchScreen.storyboard in Resources */,
				E983571B1C0568F700CFD428 /* standard.png in Resources */,
				E983571C1C0568F700CFD428 /* background2.png in Resources */,
				5838AFFB1C15FBDE00D9A3A8 /* plusEmotion.gif in Resources */,
				5838AFF81C15FB9900D9A3A8 /* currentPosition.gif in Resources */,
				E98357171C0568F700CFD428 /* wheel glow2.png in Resources */,
				E983571D1C0568F700CFD428 /* background.png in Resources */,
				583D1A0F1C0038D300F5F5A1 /* hamburger.gif in Resources */,
				E9ECE7CF1C0B300F00874851 /* wheelSound.wav in Resources */,
				E930E0A01BD741460032C541 /* Assets.xcassets in Resources */,
				E983571A1C0568F700CFD428 /* wheel2.png in Resources */,
				E930E09E1BD741460032C541 /* Main.storyboard in Resources */,
				E983571E1C0568F700CFD428 /* wheel.png in Resources */,
				E98357191C0568F700CFD428 /* wheel3.png in Resources */,
				E98357181C0568F700CFD428 /* wheel glow.png in Resources */,
				5859A4461C01E2BF0019FC15 /* Odin Rounded.otf in Resources */,
			);
			runOnlyForDeploymentPostprocessing = 0;
		};
		E930E0A71BD741460032C541 /* Resources */ = {
			isa = PBXResourcesBuildPhase;
			buildActionMask = 2147483647;
			files = (
				5838AFF91C15FB9900D9A3A8 /* currentPosition.gif in Resources */,
				5838AFFC1C15FBDE00D9A3A8 /* plusEmotion.gif in Resources */,
			);
			runOnlyForDeploymentPostprocessing = 0;
		};
/* End PBXResourcesBuildPhase section */

/* Begin PBXShellScriptBuildPhase section */
		243FA409581AC3A1E2AB1F05 /* Copy Pods Resources */ = {
			isa = PBXShellScriptBuildPhase;
			buildActionMask = 2147483647;
			files = (
			);
			inputPaths = (
			);
			name = "Copy Pods Resources";
			outputPaths = (
			);
			runOnlyForDeploymentPostprocessing = 0;
			shellPath = /bin/sh;
			shellScript = "\"${SRCROOT}/Pods/Target Support Files/Pods/Pods-resources.sh\"\n";
			showEnvVarsInLog = 0;
		};
		4CB8F606445CFEC960998DDF /* Check Pods Manifest.lock */ = {
			isa = PBXShellScriptBuildPhase;
			buildActionMask = 2147483647;
			files = (
			);
			inputPaths = (
			);
			name = "Check Pods Manifest.lock";
			outputPaths = (
			);
			runOnlyForDeploymentPostprocessing = 0;
			shellPath = /bin/sh;
			shellScript = "diff \"${PODS_ROOT}/../Podfile.lock\" \"${PODS_ROOT}/Manifest.lock\" > /dev/null\nif [[ $? != 0 ]] ; then\n    cat << EOM\nerror: The sandbox is not in sync with the Podfile.lock. Run 'pod install' or update your CocoaPods installation.\nEOM\n    exit 1\nfi\n";
			showEnvVarsInLog = 0;
		};
		5BD0A96483D12615AA9F22B8 /* Embed Pods Frameworks */ = {
			isa = PBXShellScriptBuildPhase;
			buildActionMask = 2147483647;
			files = (
			);
			inputPaths = (
			);
			name = "Embed Pods Frameworks";
			outputPaths = (
			);
			runOnlyForDeploymentPostprocessing = 0;
			shellPath = /bin/sh;
			shellScript = "\"${SRCROOT}/Pods/Target Support Files/Pods/Pods-frameworks.sh\"\n";
			showEnvVarsInLog = 0;
		};
/* End PBXShellScriptBuildPhase section */

/* Begin PBXSourcesBuildPhase section */
		E930E08C1BD741450032C541 /* Sources */ = {
			isa = PBXSourcesBuildPhase;
			buildActionMask = 2147483647;
			files = (
				75794D831C04B21300F120E3 /* PATLoginViewController.m in Sources */,
				E930E09B1BD741460032C541 /* ViewController.m in Sources */,
				58FBB6DC1C0037A800951B0E /* PATLocationViewController.m in Sources */,
				E99348391C0B72C30096292F /* PATWheelTouchDownGestureRecognizer.m in Sources */,
				5838AFF51C15F19A00D9A3A8 /* PATSettingsViewController.m in Sources */,
				E930E0981BD741460032C541 /* AppDelegate.m in Sources */,
				58FBB6DA1C0037A800951B0E /* PATGoogleMapViewController.m in Sources */,
				E99348361C0B695F0096292F /* PATWheelTouchUpGestureRecognizer.m in Sources */,
				E930E0951BD741450032C541 /* main.m in Sources */,
				E98357231C0569CE00CFD428 /* PATSwirlGestureRecognizer.m in Sources */,
				58FBB6DE1C0037A800951B0E /* PATMapContainerViewController.m in Sources */,
				E98357241C0569CE00CFD428 /* PATWheelViewController.m in Sources */,
				58FBB6E01C0037A800951B0E /* PATSideMenuViewController.m in Sources */,
			);
			runOnlyForDeploymentPostprocessing = 0;
		};
		E930E0A51BD741460032C541 /* Sources */ = {
			isa = PBXSourcesBuildPhase;
			buildActionMask = 2147483647;
			files = (
				58FBB6E11C0037A800951B0E /* PATSideMenuViewController.m in Sources */,
				5838AFF61C15F19A00D9A3A8 /* PATSettingsViewController.m in Sources */,
				58FBB6DD1C0037A800951B0E /* PATLocationViewController.m in Sources */,
				58FBB6DB1C0037A800951B0E /* PATGoogleMapViewController.m in Sources */,
				E930E0AE1BD741460032C541 /* PatchWorkUITests.m in Sources */,
				58FBB6DF1C0037A800951B0E /* PATMapContainerViewController.m in Sources */,
			);
			runOnlyForDeploymentPostprocessing = 0;
		};
/* End PBXSourcesBuildPhase section */

/* Begin PBXTargetDependency section */
		E930E0AB1BD741460032C541 /* PBXTargetDependency */ = {
			isa = PBXTargetDependency;
			target = E930E08F1BD741450032C541 /* PatchWork */;
			targetProxy = E930E0AA1BD741460032C541 /* PBXContainerItemProxy */;
		};
/* End PBXTargetDependency section */

/* Begin PBXVariantGroup section */
		E930E09C1BD741460032C541 /* Main.storyboard */ = {
			isa = PBXVariantGroup;
			children = (
				E930E09D1BD741460032C541 /* Base */,
			);
			name = Main.storyboard;
			sourceTree = "<group>";
		};
		E930E0A11BD741460032C541 /* LaunchScreen.storyboard */ = {
			isa = PBXVariantGroup;
			children = (
				E930E0A21BD741460032C541 /* Base */,
			);
			name = LaunchScreen.storyboard;
			sourceTree = "<group>";
		};
/* End PBXVariantGroup section */

/* Begin XCBuildConfiguration section */
		E930E0B01BD741460032C541 /* Debug */ = {
			isa = XCBuildConfiguration;
			buildSettings = {
				ALWAYS_SEARCH_USER_PATHS = NO;
				CLANG_CXX_LANGUAGE_STANDARD = "gnu++0x";
				CLANG_CXX_LIBRARY = "libc++";
				CLANG_ENABLE_MODULES = YES;
				CLANG_ENABLE_OBJC_ARC = YES;
				CLANG_WARN_BOOL_CONVERSION = YES;
				CLANG_WARN_CONSTANT_CONVERSION = YES;
				CLANG_WARN_DIRECT_OBJC_ISA_USAGE = YES_ERROR;
				CLANG_WARN_EMPTY_BODY = YES;
				CLANG_WARN_ENUM_CONVERSION = YES;
				CLANG_WARN_INT_CONVERSION = YES;
				CLANG_WARN_OBJC_ROOT_CLASS = YES_ERROR;
				CLANG_WARN_UNREACHABLE_CODE = YES;
				CLANG_WARN__DUPLICATE_METHOD_MATCH = YES;
				"CODE_SIGN_IDENTITY[sdk=iphoneos*]" = "iPhone Developer";
				COPY_PHASE_STRIP = NO;
				DEBUG_INFORMATION_FORMAT = dwarf;
				ENABLE_STRICT_OBJC_MSGSEND = YES;
				ENABLE_TESTABILITY = YES;
				GCC_C_LANGUAGE_STANDARD = gnu99;
				GCC_DYNAMIC_NO_PIC = NO;
				GCC_NO_COMMON_BLOCKS = YES;
				GCC_OPTIMIZATION_LEVEL = 0;
				GCC_PREPROCESSOR_DEFINITIONS = (
					"DEBUG=1",
					"$(inherited)",
				);
				GCC_WARN_64_TO_32_BIT_CONVERSION = YES;
				GCC_WARN_ABOUT_RETURN_TYPE = YES_ERROR;
				GCC_WARN_UNDECLARED_SELECTOR = YES;
				GCC_WARN_UNINITIALIZED_AUTOS = YES_AGGRESSIVE;
				GCC_WARN_UNUSED_FUNCTION = YES;
				GCC_WARN_UNUSED_VARIABLE = YES;
				IPHONEOS_DEPLOYMENT_TARGET = 9.0;
				MTL_ENABLE_DEBUG_INFO = YES;
				ONLY_ACTIVE_ARCH = YES;
				SDKROOT = iphoneos;
			};
			name = Debug;
		};
		E930E0B11BD741460032C541 /* Release */ = {
			isa = XCBuildConfiguration;
			buildSettings = {
				ALWAYS_SEARCH_USER_PATHS = NO;
				CLANG_CXX_LANGUAGE_STANDARD = "gnu++0x";
				CLANG_CXX_LIBRARY = "libc++";
				CLANG_ENABLE_MODULES = YES;
				CLANG_ENABLE_OBJC_ARC = YES;
				CLANG_WARN_BOOL_CONVERSION = YES;
				CLANG_WARN_CONSTANT_CONVERSION = YES;
				CLANG_WARN_DIRECT_OBJC_ISA_USAGE = YES_ERROR;
				CLANG_WARN_EMPTY_BODY = YES;
				CLANG_WARN_ENUM_CONVERSION = YES;
				CLANG_WARN_INT_CONVERSION = YES;
				CLANG_WARN_OBJC_ROOT_CLASS = YES_ERROR;
				CLANG_WARN_UNREACHABLE_CODE = YES;
				CLANG_WARN__DUPLICATE_METHOD_MATCH = YES;
				"CODE_SIGN_IDENTITY[sdk=iphoneos*]" = "iPhone Developer";
				COPY_PHASE_STRIP = NO;
				DEBUG_INFORMATION_FORMAT = "dwarf-with-dsym";
				ENABLE_NS_ASSERTIONS = NO;
				ENABLE_STRICT_OBJC_MSGSEND = YES;
				GCC_C_LANGUAGE_STANDARD = gnu99;
				GCC_NO_COMMON_BLOCKS = YES;
				GCC_WARN_64_TO_32_BIT_CONVERSION = YES;
				GCC_WARN_ABOUT_RETURN_TYPE = YES_ERROR;
				GCC_WARN_UNDECLARED_SELECTOR = YES;
				GCC_WARN_UNINITIALIZED_AUTOS = YES_AGGRESSIVE;
				GCC_WARN_UNUSED_FUNCTION = YES;
				GCC_WARN_UNUSED_VARIABLE = YES;
				IPHONEOS_DEPLOYMENT_TARGET = 9.0;
				MTL_ENABLE_DEBUG_INFO = NO;
				SDKROOT = iphoneos;
				VALIDATE_PRODUCT = YES;
			};
			name = Release;
		};
		E930E0B31BD741460032C541 /* Debug */ = {
			isa = XCBuildConfiguration;
			baseConfigurationReference = 357972C415F442DC95BE7498 /* Pods.debug.xcconfig */;
			buildSettings = {
				ASSETCATALOG_COMPILER_APPICON_NAME = AppIcon;
				FRAMEWORK_SEARCH_PATHS = (
					"$(inherited)",
					"$(PROJECT_DIR)",
				);
				INFOPLIST_FILE = PatchWork/Info.plist;
				LD_RUNPATH_SEARCH_PATHS = "$(inherited) @executable_path/Frameworks";
				PRODUCT_BUNDLE_IDENTIFIER = org.nhnnext.PatchWork;
				PRODUCT_NAME = "$(TARGET_NAME)";
			};
			name = Debug;
		};
		E930E0B41BD741460032C541 /* Release */ = {
			isa = XCBuildConfiguration;
			baseConfigurationReference = AD2ABD4FA5BFCD325C2554E0 /* Pods.release.xcconfig */;
			buildSettings = {
				ASSETCATALOG_COMPILER_APPICON_NAME = AppIcon;
				FRAMEWORK_SEARCH_PATHS = (
					"$(inherited)",
					"$(PROJECT_DIR)",
				);
				INFOPLIST_FILE = PatchWork/Info.plist;
				LD_RUNPATH_SEARCH_PATHS = "$(inherited) @executable_path/Frameworks";
				PRODUCT_BUNDLE_IDENTIFIER = org.nhnnext.PatchWork;
				PRODUCT_NAME = "$(TARGET_NAME)";
			};
			name = Release;
		};
		E930E0B61BD741460032C541 /* Debug */ = {
			isa = XCBuildConfiguration;
			buildSettings = {
				INFOPLIST_FILE = PatchWorkUITests/Info.plist;
				LD_RUNPATH_SEARCH_PATHS = "$(inherited) @executable_path/Frameworks @loader_path/Frameworks";
				PRODUCT_BUNDLE_IDENTIFIER = org.nhnnext.PatchWorkUITests;
				PRODUCT_NAME = "$(TARGET_NAME)";
				TEST_TARGET_NAME = PatchWork;
				USES_XCTRUNNER = YES;
			};
			name = Debug;
		};
		E930E0B71BD741460032C541 /* Release */ = {
			isa = XCBuildConfiguration;
			buildSettings = {
				INFOPLIST_FILE = PatchWorkUITests/Info.plist;
				LD_RUNPATH_SEARCH_PATHS = "$(inherited) @executable_path/Frameworks @loader_path/Frameworks";
				PRODUCT_BUNDLE_IDENTIFIER = org.nhnnext.PatchWorkUITests;
				PRODUCT_NAME = "$(TARGET_NAME)";
				TEST_TARGET_NAME = PatchWork;
				USES_XCTRUNNER = YES;
			};
			name = Release;
		};
/* End XCBuildConfiguration section */

/* Begin XCConfigurationList section */
		E930E08B1BD741450032C541 /* Build configuration list for PBXProject "PatchWork" */ = {
			isa = XCConfigurationList;
			buildConfigurations = (
				E930E0B01BD741460032C541 /* Debug */,
				E930E0B11BD741460032C541 /* Release */,
			);
			defaultConfigurationIsVisible = 0;
			defaultConfigurationName = Release;
		};
		E930E0B21BD741460032C541 /* Build configuration list for PBXNativeTarget "PatchWork" */ = {
			isa = XCConfigurationList;
			buildConfigurations = (
				E930E0B31BD741460032C541 /* Debug */,
				E930E0B41BD741460032C541 /* Release */,
			);
			defaultConfigurationIsVisible = 0;
			defaultConfigurationName = Release;
		};
		E930E0B51BD741460032C541 /* Build configuration list for PBXNativeTarget "PatchWorkUITests" */ = {
			isa = XCConfigurationList;
			buildConfigurations = (
				E930E0B61BD741460032C541 /* Debug */,
				E930E0B71BD741460032C541 /* Release */,
			);
			defaultConfigurationIsVisible = 0;
			defaultConfigurationName = Release;
		};
/* End XCConfigurationList section */
	};
	rootObject = E930E0881BD741450032C541 /* Project object */;
}
